
Microsoft Visual Studio Solution File, Format Version 12.00
# Visual Studio Version 16
VisualStudioVersion = 16.0.31112.23
MinimumVisualStudioVersion = 10.0.40219.1
Project("{9A19103F-16F7-4668-BE54-9A1E7A4F7556}") = "SmartTool", "SmartTool.csproj", "{799ED377-840F-4584-ACFA-6AD384D058DA}"
EndProject
Project("{9A19103F-16F7-4668-BE54-9A1E7A4F7556}") = "Stratis.SmartContracts.Tools.Sct", "..\Stratis.SmartContracts.Tools.Sct\Stratis.SmartContracts.Tools.Sct.csproj", "{076AA396-24C2-4CAE-B301-E3C91839A38A}"
EndProject
Project("{9A19103F-16F7-4668-BE54-9A1E7A4F7556}") = "SmartTool.Utilities", "..\SmartTool.Utilities\SmartTool.Utilities.csproj", "{3F920A45-BEA8-420D-BE99-C7ED7EE47F40}"
EndProject
Global
	GlobalSection(SolutionConfigurationPlatforms) = preSolution
		Debug|Any CPU = Debug|Any CPU
		Release|Any CPU = Release|Any CPU
	EndGlobalSection
	GlobalSection(ProjectConfigurationPlatforms) = postSolution
		{799ED377-840F-4584-ACFA-6AD384D058DA}.Debug|Any CPU.ActiveCfg = Debug|Any CPU
		{799ED377-840F-4584-ACFA-6AD384D058DA}.Debug|Any CPU.Build.0 = Debug|Any CPU
		{799ED377-840F-4584-ACFA-6AD384D058DA}.Release|Any CPU.ActiveCfg = Release|Any CPU
		{799ED377-840F-4584-ACFA-6AD384D058DA}.Release|Any CPU.Build.0 = Release|Any CPU
		{076AA396-24C2-4CAE-B301-E3C91839A38A}.Debug|Any CPU.ActiveCfg = Debug|Any CPU
		{076AA396-24C2-4CAE-B301-E3C91839A38A}.Debug|Any CPU.Build.0 = Debug|Any CPU
		{076AA396-24C2-4CAE-B301-E3C91839A38A}.Release|Any CPU.ActiveCfg = Release|Any CPU
		{076AA396-24C2-4CAE-B301-E3C91839A38A}.Release|Any CPU.Build.0 = Release|Any CPU
		{3F920A45-BEA8-420D-BE99-C7ED7EE47F40}.Debug|Any CPU.ActiveCfg = Debug|Any CPU
		{3F920A45-BEA8-420D-BE99-C7ED7EE47F40}.Debug|Any CPU.Build.0 = Debug|Any CPU
		{3F920A45-BEA8-420D-BE99-C7ED7EE47F40}.Release|Any CPU.ActiveCfg = Release|Any CPU
		{3F920A45-BEA8-420D-BE99-C7ED7EE47F40}.Release|Any CPU.Build.0 = Release|Any CPU
	EndGlobalSection
	GlobalSection(SolutionProperties) = preSolution
		HideSolutionNode = FALSE
	EndGlobalSection
	GlobalSection(ExtensibilityGlobals) = postSolution
		SolutionGuid = {4B72DE4F-73D5-467E-94C2-7604FCB74515}
	EndGlobalSection
EndGlobal
